
Microsoft Visual Studio Solution File, Format Version 12.00
# Visual Studio Version 17
VisualStudioVersion = 17.0.31903.59
MinimumVisualStudioVersion = 10.0.40219.1
Project("{FAE04EC0-301F-11D3-BF4B-00C04F79EFBC}") = "bbaitap", "bbaitap\bbaitap.csproj", "{A25D9FC0-8F6E-428B-8F1F-A6EB68365D57}"
EndProject
Global
	GlobalSection(SolutionConfigurationPlatforms) = preSolution
		Debug|Any CPU = Debug|Any CPU
		Release|Any CPU = Release|Any CPU
	EndGlobalSection
	GlobalSection(ProjectConfigurationPlatforms) = postSolution
		{A25D9FC0-8F6E-428B-8F1F-A6EB68365D57}.Debug|Any CPU.ActiveCfg = Debug|Any CPU
		{A25D9FC0-8F6E-428B-8F1F-A6EB68365D57}.Debug|Any CPU.Build.0 = Debug|Any CPU
		{A25D9FC0-8F6E-428B-8F1F-A6EB68365D57}.Release|Any CPU.ActiveCfg = Release|Any CPU
		{A25D9FC0-8F6E-428B-8F1F-A6EB68365D57}.Release|Any CPU.Build.0 = Release|Any CPU
	EndGlobalSection
	GlobalSection(SolutionProperties) = preSolution
		HideSolutionNode = FALSE
	EndGlobalSection
	GlobalSection(ExtensibilityGlobals) = postSolution
		SolutionGuid = {54F42661-93CF-4AD6-BB0B-1EEE300C3A41}
	EndGlobalSection
EndGlobal
